
Microsoft Visual Studio Solution File, Format Version 12.00
# Visual Studio Version 17
VisualStudioVersion = 17.0.31717.71
MinimumVisualStudioVersion = 10.0.40219.1
Project("{9A19103F-16F7-4668-BE54-9A1E7A4F7556}") = "BotCustomAction", "BotCustomAction.csproj", "{E588A01B-CE62-4CEE-B6E3-27ECAFA43CBB}"
EndProject
Global
	GlobalSection(SolutionConfigurationPlatforms) = preSolution
		Debug|Any CPU = Debug|Any CPU
		Release|Any CPU = Release|Any CPU
	EndGlobalSection
	GlobalSection(ProjectConfigurationPlatforms) = postSolution
		{E588A01B-CE62-4CEE-B6E3-27ECAFA43CBB}.Debug|Any CPU.ActiveCfg = Debug|Any CPU
		{E588A01B-CE62-4CEE-B6E3-27ECAFA43CBB}.Debug|Any CPU.Build.0 = Debug|Any CPU
		{E588A01B-CE62-4CEE-B6E3-27ECAFA43CBB}.Release|Any CPU.ActiveCfg = Release|Any CPU
		{E588A01B-CE62-4CEE-B6E3-27ECAFA43CBB}.Release|Any CPU.Build.0 = Release|Any CPU
	EndGlobalSection
	GlobalSection(SolutionProperties) = preSolution
		HideSolutionNode = FALSE
	EndGlobalSection
	GlobalSection(ExtensibilityGlobals) = postSolution
		SolutionGuid = {A2293403-1D39-4358-A31E-AB99B46DFF68}
	EndGlobalSection
EndGlobal
