
Microsoft Visual Studio Solution File, Format Version 12.00
# Visual Studio 15
VisualStudioVersion = 15.0.28307.329
MinimumVisualStudioVersion = 10.0.40219.1
Project("{FAE04EC0-301F-11D3-BF4B-00C04F79EFBC}") = "TalkingBotBridge", "TalkingBotBridge\TalkingBotBridge.csproj", "{3F98E847-49CD-4573-B4BB-A52A480C1CBB}"
EndProject
Project("{2150E333-8FDC-42A3-9474-1A3956D46DE8}") = "Solution Items", "Solution Items", "{2F626F19-A82E-498C-86AF-5E5E92F54BB7}"
	ProjectSection(SolutionItems) = preProject
		ReadMe.md = ReadMe.md
	EndProjectSection
EndProject
Global
	GlobalSection(SolutionConfigurationPlatforms) = preSolution
		Debug|Any CPU = Debug|Any CPU
		Debug|ARM = Debug|ARM
		Debug|ARM64 = Debug|ARM64
		Debug|x64 = Debug|x64
		Debug|x86 = Debug|x86
		Release|Any CPU = Release|Any CPU
		Release|ARM = Release|ARM
		Release|ARM64 = Release|ARM64
		Release|x64 = Release|x64
		Release|x86 = Release|x86
	EndGlobalSection
	GlobalSection(ProjectConfigurationPlatforms) = postSolution
		{3F98E847-49CD-4573-B4BB-A52A480C1CBB}.Debug|Any CPU.ActiveCfg = Debug|x86
		{3F98E847-49CD-4573-B4BB-A52A480C1CBB}.Debug|Any CPU.Build.0 = Debug|x86
		{3F98E847-49CD-4573-B4BB-A52A480C1CBB}.Debug|Any CPU.Deploy.0 = Debug|x86
		{3F98E847-49CD-4573-B4BB-A52A480C1CBB}.Debug|ARM.ActiveCfg = Debug|ARM
		{3F98E847-49CD-4573-B4BB-A52A480C1CBB}.Debug|ARM.Build.0 = Debug|ARM
		{3F98E847-49CD-4573-B4BB-A52A480C1CBB}.Debug|ARM.Deploy.0 = Debug|ARM
		{3F98E847-49CD-4573-B4BB-A52A480C1CBB}.Debug|ARM64.ActiveCfg = Debug|ARM64
		{3F98E847-49CD-4573-B4BB-A52A480C1CBB}.Debug|ARM64.Build.0 = Debug|ARM64
		{3F98E847-49CD-4573-B4BB-A52A480C1CBB}.Debug|ARM64.Deploy.0 = Debug|ARM64
		{3F98E847-49CD-4573-B4BB-A52A480C1CBB}.Debug|x64.ActiveCfg = Debug|x64
		{3F98E847-49CD-4573-B4BB-A52A480C1CBB}.Debug|x64.Build.0 = Debug|x64
		{3F98E847-49CD-4573-B4BB-A52A480C1CBB}.Debug|x64.Deploy.0 = Debug|x64
		{3F98E847-49CD-4573-B4BB-A52A480C1CBB}.Debug|x86.ActiveCfg = Debug|x86
		{3F98E847-49CD-4573-B4BB-A52A480C1CBB}.Debug|x86.Build.0 = Debug|x86
		{3F98E847-49CD-4573-B4BB-A52A480C1CBB}.Debug|x86.Deploy.0 = Debug|x86
		{3F98E847-49CD-4573-B4BB-A52A480C1CBB}.Release|Any CPU.ActiveCfg = Release|x86
		{3F98E847-49CD-4573-B4BB-A52A480C1CBB}.Release|ARM.ActiveCfg = Release|ARM
		{3F98E847-49CD-4573-B4BB-A52A480C1CBB}.Release|ARM.Build.0 = Release|ARM
		{3F98E847-49CD-4573-B4BB-A52A480C1CBB}.Release|ARM.Deploy.0 = Release|ARM
		{3F98E847-49CD-4573-B4BB-A52A480C1CBB}.Release|ARM64.ActiveCfg = Release|ARM64
		{3F98E847-49CD-4573-B4BB-A52A480C1CBB}.Release|ARM64.Build.0 = Release|ARM64
		{3F98E847-49CD-4573-B4BB-A52A480C1CBB}.Release|ARM64.Deploy.0 = Release|ARM64
		{3F98E847-49CD-4573-B4BB-A52A480C1CBB}.Release|x64.ActiveCfg = Release|x64
		{3F98E847-49CD-4573-B4BB-A52A480C1CBB}.Release|x64.Build.0 = Release|x64
		{3F98E847-49CD-4573-B4BB-A52A480C1CBB}.Release|x64.Deploy.0 = Release|x64
		{3F98E847-49CD-4573-B4BB-A52A480C1CBB}.Release|x86.ActiveCfg = Release|x86
		{3F98E847-49CD-4573-B4BB-A52A480C1CBB}.Release|x86.Build.0 = Release|x86
		{3F98E847-49CD-4573-B4BB-A52A480C1CBB}.Release|x86.Deploy.0 = Release|x86
	EndGlobalSection
	GlobalSection(SolutionProperties) = preSolution
		HideSolutionNode = FALSE
	EndGlobalSection
	GlobalSection(ExtensibilityGlobals) = postSolution
		SolutionGuid = {DBF08458-E77D-4746-8D42-4B1DB6AC0AFD}
	EndGlobalSection
EndGlobal
